
Microsoft Visual Studio Solution File, Format Version 12.00
# Visual Studio Version 16
VisualStudioVersion = 16.0.30204.135
MinimumVisualStudioVersion = 10.0.40219.1
Project("{FAE04EC0-301F-11D3-BF4B-00C04F79EFBC}") = "Generic-CRUD_ASP.NET-CORE-3.1", "Generic-CRUD_ASP.NET-CORE-3.1.csproj", "{452AA223-CC5E-4628-8EF6-3A555D69C63A}"
EndProject
Global
	GlobalSection(SolutionConfigurationPlatforms) = preSolution
		Debug|Any CPU = Debug|Any CPU
		Release|Any CPU = Release|Any CPU
	EndGlobalSection
	GlobalSection(ProjectConfigurationPlatforms) = postSolution
		{452AA223-CC5E-4628-8EF6-3A555D69C63A}.Debug|Any CPU.ActiveCfg = Debug|Any CPU
		{452AA223-CC5E-4628-8EF6-3A555D69C63A}.Debug|Any CPU.Build.0 = Debug|Any CPU
		{452AA223-CC5E-4628-8EF6-3A555D69C63A}.Release|Any CPU.ActiveCfg = Release|Any CPU
		{452AA223-CC5E-4628-8EF6-3A555D69C63A}.Release|Any CPU.Build.0 = Release|Any CPU
	EndGlobalSection
	GlobalSection(SolutionProperties) = preSolution
		HideSolutionNode = FALSE
	EndGlobalSection
	GlobalSection(ExtensibilityGlobals) = postSolution
		SolutionGuid = {14D4D861-0466-4FFD-8689-E57AD2C67F7C}
	EndGlobalSection
EndGlobal
